
Microsoft Visual Studio Solution File, Format Version 12.00
# Visual Studio Version 17
VisualStudioVersion = 17.2.32526.322
MinimumVisualStudioVersion = 10.0.40219.1
Project("{FAE04EC0-301F-11D3-BF4B-00C04F79EFBC}") = "DefectList", "DefectList\DefectList.csproj", "{DC870000-ED9D-4819-9C6E-C8EAAF89281F}"
EndProject
Global
	GlobalSection(SolutionConfigurationPlatforms) = preSolution
		Debug|Any CPU = Debug|Any CPU
		Release|Any CPU = Release|Any CPU
	EndGlobalSection
	GlobalSection(ProjectConfigurationPlatforms) = postSolution
		{DC870000-ED9D-4819-9C6E-C8EAAF89281F}.Debug|Any CPU.ActiveCfg = Debug|Any CPU
		{DC870000-ED9D-4819-9C6E-C8EAAF89281F}.Debug|Any CPU.Build.0 = Debug|Any CPU
		{DC870000-ED9D-4819-9C6E-C8EAAF89281F}.Release|Any CPU.ActiveCfg = Release|Any CPU
		{DC870000-ED9D-4819-9C6E-C8EAAF89281F}.Release|Any CPU.Build.0 = Release|Any CPU
	EndGlobalSection
	GlobalSection(SolutionProperties) = preSolution
		HideSolutionNode = FALSE
	EndGlobalSection
	GlobalSection(ExtensibilityGlobals) = postSolution
		SolutionGuid = {C4AC7DC7-CD1A-401B-9132-7BCEE822C993}
	EndGlobalSection
EndGlobal
